
Microsoft Visual Studio Solution File, Format Version 12.00
# Visual Studio Version 16
VisualStudioVersion = 16.0.30225.117
MinimumVisualStudioVersion = 10.0.40219.1
Project("{FAE04EC0-301F-11D3-BF4B-00C04F79EFBC}") = "PythonCompiler", "PythonCompiler\PythonCompiler.csproj", "{A33065D8-3F63-4ABA-BA32-CE89B0AE5967}"
EndProject
Global
	GlobalSection(SolutionConfigurationPlatforms) = preSolution
		Debug|Any CPU = Debug|Any CPU
		Release|Any CPU = Release|Any CPU
	EndGlobalSection
	GlobalSection(ProjectConfigurationPlatforms) = postSolution
		{A33065D8-3F63-4ABA-BA32-CE89B0AE5967}.Debug|Any CPU.ActiveCfg = Debug|Any CPU
		{A33065D8-3F63-4ABA-BA32-CE89B0AE5967}.Debug|Any CPU.Build.0 = Debug|Any CPU
		{A33065D8-3F63-4ABA-BA32-CE89B0AE5967}.Release|Any CPU.ActiveCfg = Release|Any CPU
		{A33065D8-3F63-4ABA-BA32-CE89B0AE5967}.Release|Any CPU.Build.0 = Release|Any CPU
	EndGlobalSection
	GlobalSection(SolutionProperties) = preSolution
		HideSolutionNode = FALSE
	EndGlobalSection
	GlobalSection(ExtensibilityGlobals) = postSolution
		SolutionGuid = {5D0E1492-B866-46BD-A7D4-91672C362E60}
	EndGlobalSection
EndGlobal
